
Microsoft Visual Studio Solution File, Format Version 12.00
# Visual Studio 2017
Project("{FAE04EC0-301F-11D3-BF4B-00C04F79EFBC}") = "VR-Rowing-Trainer.Plugins", "VR-Rowing-Trainer.Plugins.csproj", "{AE0550E5-1976-DE40-F952-76778618ED9B}"
EndProject
Project("{FAE04EC0-301F-11D3-BF4B-00C04F79EFBC}") = "VR-Rowing-Trainer", "VR-Rowing-Trainer.csproj", "{A4E46BD7-8C51-AAE8-2828-17A0EE8CD677}"
EndProject
Project("{FAE04EC0-301F-11D3-BF4B-00C04F79EFBC}") = "VR-Rowing-Trainer.Editor", "VR-Rowing-Trainer.Editor.csproj", "{1C765543-77C0-3B9C-1303-CD80EC89AA3F}"
EndProject
Global
	GlobalSection(SolutionConfigurationPlatforms) = preSolution
		Debug|Any CPU = Debug|Any CPU
		Release|Any CPU = Release|Any CPU
	EndGlobalSection
	GlobalSection(ProjectConfigurationPlatforms) = postSolution
		{AE0550E5-1976-DE40-F952-76778618ED9B}.Debug|Any CPU.ActiveCfg = Debug|Any CPU
		{AE0550E5-1976-DE40-F952-76778618ED9B}.Debug|Any CPU.Build.0 = Debug|Any CPU
		{AE0550E5-1976-DE40-F952-76778618ED9B}.Release|Any CPU.ActiveCfg = Release|Any CPU
		{AE0550E5-1976-DE40-F952-76778618ED9B}.Release|Any CPU.Build.0 = Release|Any CPU
		{A4E46BD7-8C51-AAE8-2828-17A0EE8CD677}.Debug|Any CPU.ActiveCfg = Debug|Any CPU
		{A4E46BD7-8C51-AAE8-2828-17A0EE8CD677}.Debug|Any CPU.Build.0 = Debug|Any CPU
		{A4E46BD7-8C51-AAE8-2828-17A0EE8CD677}.Release|Any CPU.ActiveCfg = Release|Any CPU
		{A4E46BD7-8C51-AAE8-2828-17A0EE8CD677}.Release|Any CPU.Build.0 = Release|Any CPU
		{1C765543-77C0-3B9C-1303-CD80EC89AA3F}.Debug|Any CPU.ActiveCfg = Debug|Any CPU
		{1C765543-77C0-3B9C-1303-CD80EC89AA3F}.Debug|Any CPU.Build.0 = Debug|Any CPU
		{1C765543-77C0-3B9C-1303-CD80EC89AA3F}.Release|Any CPU.ActiveCfg = Release|Any CPU
		{1C765543-77C0-3B9C-1303-CD80EC89AA3F}.Release|Any CPU.Build.0 = Release|Any CPU
	EndGlobalSection
	GlobalSection(SolutionProperties) = preSolution
		HideSolutionNode = FALSE
	EndGlobalSection
EndGlobal
